
Microsoft Visual Studio Solution File, Format Version 12.00
# Visual Studio 15
VisualStudioVersion = 15.0.27703.2035
MinimumVisualStudioVersion = 10.0.40219.1
Project("{8BC9CEB8-8B4A-11D0-8D11-00A0C91BC942}") = "Basic_Tetris", "Basic_Tetris\Basic_Tetris.vcxproj", "{8E2034D1-5EF6-4437-B746-8D43850BA555}"
EndProject
Global
	GlobalSection(SolutionConfigurationPlatforms) = preSolution
		Debug|x64 = Debug|x64
		Debug|x86 = Debug|x86
		Release|x64 = Release|x64
		Release|x86 = Release|x86
	EndGlobalSection
	GlobalSection(ProjectConfigurationPlatforms) = postSolution
		{8E2034D1-5EF6-4437-B746-8D43850BA555}.Debug|x64.ActiveCfg = Debug|x64
		{8E2034D1-5EF6-4437-B746-8D43850BA555}.Debug|x64.Build.0 = Debug|x64
		{8E2034D1-5EF6-4437-B746-8D43850BA555}.Debug|x86.ActiveCfg = Debug|Win32
		{8E2034D1-5EF6-4437-B746-8D43850BA555}.Debug|x86.Build.0 = Debug|Win32
		{8E2034D1-5EF6-4437-B746-8D43850BA555}.Release|x64.ActiveCfg = Release|x64
		{8E2034D1-5EF6-4437-B746-8D43850BA555}.Release|x64.Build.0 = Release|x64
		{8E2034D1-5EF6-4437-B746-8D43850BA555}.Release|x86.ActiveCfg = Release|Win32
		{8E2034D1-5EF6-4437-B746-8D43850BA555}.Release|x86.Build.0 = Release|Win32
	EndGlobalSection
	GlobalSection(SolutionProperties) = preSolution
		HideSolutionNode = FALSE
	EndGlobalSection
	GlobalSection(ExtensibilityGlobals) = postSolution
		SolutionGuid = {DE13B856-A685-40D5-9D83-8F7A0EBAC5BE}
	EndGlobalSection
EndGlobal
